
Microsoft Visual Studio Solution File, Format Version 12.00
# Visual Studio 15
VisualStudioVersion = 15.0.28307.168
MinimumVisualStudioVersion = 10.0.40219.1
Project("{FAE04EC0-301F-11D3-BF4B-00C04F79EFBC}") = "ShoppingSpree", "ShopingSpree\ShoppingSpree.csproj", "{DD56F83C-16D6-4651-A6A9-261A049390BB}"
EndProject
Project("{FAE04EC0-301F-11D3-BF4B-00C04F79EFBC}") = "ShoppingSpree.Data", "ShoppingSpree.Data\ShoppingSpree.Data.csproj", "{57069CE3-6146-458A-AFF5-E1179791EF61}"
EndProject
Project("{FAE04EC0-301F-11D3-BF4B-00C04F79EFBC}") = "ShoppingSpree.Basket", "ShoppingSpree.Basket\ShoppingSpree.Basket.csproj", "{FB02FB3F-1DD9-4644-BE1D-9B37171E48AD}"
EndProject
Global
	GlobalSection(SolutionConfigurationPlatforms) = preSolution
		Debug|Any CPU = Debug|Any CPU
		Release|Any CPU = Release|Any CPU
	EndGlobalSection
	GlobalSection(ProjectConfigurationPlatforms) = postSolution
		{DD56F83C-16D6-4651-A6A9-261A049390BB}.Debug|Any CPU.ActiveCfg = Debug|Any CPU
		{DD56F83C-16D6-4651-A6A9-261A049390BB}.Debug|Any CPU.Build.0 = Debug|Any CPU
		{DD56F83C-16D6-4651-A6A9-261A049390BB}.Release|Any CPU.ActiveCfg = Release|Any CPU
		{DD56F83C-16D6-4651-A6A9-261A049390BB}.Release|Any CPU.Build.0 = Release|Any CPU
		{57069CE3-6146-458A-AFF5-E1179791EF61}.Debug|Any CPU.ActiveCfg = Debug|Any CPU
		{57069CE3-6146-458A-AFF5-E1179791EF61}.Debug|Any CPU.Build.0 = Debug|Any CPU
		{57069CE3-6146-458A-AFF5-E1179791EF61}.Release|Any CPU.ActiveCfg = Release|Any CPU
		{57069CE3-6146-458A-AFF5-E1179791EF61}.Release|Any CPU.Build.0 = Release|Any CPU
		{FB02FB3F-1DD9-4644-BE1D-9B37171E48AD}.Debug|Any CPU.ActiveCfg = Debug|Any CPU
		{FB02FB3F-1DD9-4644-BE1D-9B37171E48AD}.Debug|Any CPU.Build.0 = Debug|Any CPU
		{FB02FB3F-1DD9-4644-BE1D-9B37171E48AD}.Release|Any CPU.ActiveCfg = Release|Any CPU
		{FB02FB3F-1DD9-4644-BE1D-9B37171E48AD}.Release|Any CPU.Build.0 = Release|Any CPU
	EndGlobalSection
	GlobalSection(SolutionProperties) = preSolution
		HideSolutionNode = FALSE
	EndGlobalSection
	GlobalSection(ExtensibilityGlobals) = postSolution
		SolutionGuid = {38BF3EF6-A522-4CD1-99B2-A978881A1CE9}
	EndGlobalSection
EndGlobal
